
Microsoft Visual Studio Solution File, Format Version 12.00
# Visual Studio Version 16
VisualStudioVersion = 16.0.30413.136
MinimumVisualStudioVersion = 10.0.40219.1
Project("{FAE04EC0-301F-11D3-BF4B-00C04F79EFBC}") = "color_bot", "color_bot\color_bot.csproj", "{E12C8BC8-6C9B-4618-AA5D-1F8D0B9DE2B1}"
EndProject
Global
	GlobalSection(SolutionConfigurationPlatforms) = preSolution
		Debug|Any CPU = Debug|Any CPU
		Release|Any CPU = Release|Any CPU
	EndGlobalSection
	GlobalSection(ProjectConfigurationPlatforms) = postSolution
		{E12C8BC8-6C9B-4618-AA5D-1F8D0B9DE2B1}.Debug|Any CPU.ActiveCfg = Debug|Any CPU
		{E12C8BC8-6C9B-4618-AA5D-1F8D0B9DE2B1}.Debug|Any CPU.Build.0 = Debug|Any CPU
		{E12C8BC8-6C9B-4618-AA5D-1F8D0B9DE2B1}.Release|Any CPU.ActiveCfg = Release|Any CPU
		{E12C8BC8-6C9B-4618-AA5D-1F8D0B9DE2B1}.Release|Any CPU.Build.0 = Release|Any CPU
	EndGlobalSection
	GlobalSection(SolutionProperties) = preSolution
		HideSolutionNode = FALSE
	EndGlobalSection
	GlobalSection(ExtensibilityGlobals) = postSolution
		SolutionGuid = {B98D6D3A-FC62-4008-8BBE-492F2567B34C}
	EndGlobalSection
EndGlobal
